
Microsoft Visual Studio Solution File, Format Version 10.00
# Visual Studio 2008
Project("{FAE04EC0-301F-11D3-BF4B-00C04F79EFBC}") = "ConsoleApplication1_argumentos", "ConsoleApplication1_argumentos\ConsoleApplication1_argumentos.csproj", "{88DCD704-07D9-4A15-8A81-C406A4D93F88}"
EndProject
Global
	GlobalSection(SolutionConfigurationPlatforms) = preSolution
		Debug|Any CPU = Debug|Any CPU
		Release|Any CPU = Release|Any CPU
	EndGlobalSection
	GlobalSection(ProjectConfigurationPlatforms) = postSolution
		{88DCD704-07D9-4A15-8A81-C406A4D93F88}.Debug|Any CPU.ActiveCfg = Debug|Any CPU
		{88DCD704-07D9-4A15-8A81-C406A4D93F88}.Debug|Any CPU.Build.0 = Debug|Any CPU
		{88DCD704-07D9-4A15-8A81-C406A4D93F88}.Release|Any CPU.ActiveCfg = Release|Any CPU
		{88DCD704-07D9-4A15-8A81-C406A4D93F88}.Release|Any CPU.Build.0 = Release|Any CPU
	EndGlobalSection
	GlobalSection(SolutionProperties) = preSolution
		HideSolutionNode = FALSE
	EndGlobalSection
EndGlobal
